
Microsoft Visual Studio Solution File, Format Version 12.00
# Visual Studio Version 16
VisualStudioVersion = 16.0.33027.164
MinimumVisualStudioVersion = 10.0.40219.1
Project("{FAE04EC0-301F-11D3-BF4B-00C04F79EFBC}") = "pdfExport", "pdfExport.csproj", "{7FAB42A6-68F2-48FB-90FB-CAB8FA247020}"
EndProject
Global
	GlobalSection(SolutionConfigurationPlatforms) = preSolution
		Debug|Any CPU = Debug|Any CPU
		Release|Any CPU = Release|Any CPU
	EndGlobalSection
	GlobalSection(ProjectConfigurationPlatforms) = postSolution
		{7FAB42A6-68F2-48FB-90FB-CAB8FA247020}.Debug|Any CPU.ActiveCfg = Debug|Any CPU
		{7FAB42A6-68F2-48FB-90FB-CAB8FA247020}.Debug|Any CPU.Build.0 = Debug|Any CPU
		{7FAB42A6-68F2-48FB-90FB-CAB8FA247020}.Release|Any CPU.ActiveCfg = Release|Any CPU
		{7FAB42A6-68F2-48FB-90FB-CAB8FA247020}.Release|Any CPU.Build.0 = Release|Any CPU
	EndGlobalSection
	GlobalSection(SolutionProperties) = preSolution
		HideSolutionNode = FALSE
	EndGlobalSection
	GlobalSection(ExtensibilityGlobals) = postSolution
		SolutionGuid = {1DABEAEB-1737-485C-A0A9-8C99D3B92428}
	EndGlobalSection
EndGlobal
